// !$*UTF8*$!
{
	archiveVersion = 1;
	classes = {
	};
	objectVersion = 50;
	objects = {

/* Begin PBXBuildFile section */
		FAB3B4EF21E64BC500F56180 /* AppDelegate.swift in Sources */ = {isa = PBXBuildFile; fileRef = FAB3B4EE21E64BC500F56180 /* AppDelegate.swift */; };
		FAB3B4F121E64BC500F56180 /* ViewController.swift in Sources */ = {isa = PBXBuildFile; fileRef = FAB3B4F021E64BC500F56180 /* ViewController.swift */; };
		FAB3B4F421E64BC500F56180 /* Main.storyboard in Resources */ = {isa = PBXBuildFile; fileRef = FAB3B4F221E64BC500F56180 /* Main.storyboard */; };
		FAB3B4F621E64BC600F56180 /* Assets.xcassets in Resources */ = {isa = PBXBuildFile; fileRef = FAB3B4F521E64BC600F56180 /* Assets.xcassets */; };
		FAB3B4F921E64BC600F56180 /* LaunchScreen.storyboard in Resources */ = {isa = PBXBuildFile; fileRef = FAB3B4F721E64BC600F56180 /* LaunchScreen.storyboard */; };
		FAB3B50121E653B500F56180 /* APIManager.swift in Sources */ = {isa = PBXBuildFile; fileRef = FAB3B50021E653B500F56180 /* APIManager.swift */; };
		FAB3B50321E6540500F56180 /* APIWeatherManager.swift in Sources */ = {isa = PBXBuildFile; fileRef = FAB3B50221E6540500F56180 /* APIWeatherManager.swift */; };
		FAB3B50521E654B000F56180 /* ErrorManager.swift in Sources */ = {isa = PBXBuildFile; fileRef = FAB3B50421E654B000F56180 /* ErrorManager.swift */; };
		FAB3B50721E654F500F56180 /* CurrentWeather.swift in Sources */ = {isa = PBXBuildFile; fileRef = FAB3B50621E654F500F56180 /* CurrentWeather.swift */; };
		FAB3B50921E6553700F56180 /* WeatherIconManager.swift in Sources */ = {isa = PBXBuildFile; fileRef = FAB3B50821E6553700F56180 /* WeatherIconManager.swift */; };
/* End PBXBuildFile section */

/* Begin PBXFileReference section */
		FAB3B4EB21E64BC500F56180 /* Weather Forecast.app */ = {isa = PBXFileReference; explicitFileType = wrapper.application; includeInIndex = 0; path = "Weather Forecast.app"; sourceTree = BUILT_PRODUCTS_DIR; };
		FAB3B4EE21E64BC500F56180 /* AppDelegate.swift */ = {isa = PBXFileReference; lastKnownFileType = sourcecode.swift; path = AppDelegate.swift; sourceTree = "<group>"; };
		FAB3B4F021E64BC500F56180 /* ViewController.swift */ = {isa = PBXFileReference; lastKnownFileType = sourcecode.swift; path = ViewController.swift; sourceTree = "<group>"; };
		FAB3B4F321E64BC500F56180 /* Base */ = {isa = PBXFileReference; lastKnownFileType = file.storyboard; name = Base; path = Base.lproj/Main.storyboard; sourceTree = "<group>"; };
		FAB3B4F521E64BC600F56180 /* Assets.xcassets */ = {isa = PBXFileReference; lastKnownFileType = folder.assetcatalog; path = Assets.xcassets; sourceTree = "<group>"; };
		FAB3B4F821E64BC600F56180 /* Base */ = {isa = PBXFileReference; lastKnownFileType = file.storyboard; name = Base; path = Base.lproj/LaunchScreen.storyboard; sourceTree = "<group>"; };
		FAB3B4FA21E64BC600F56180 /* Info.plist */ = {isa = PBXFileReference; lastKnownFileType = text.plist.xml; path = Info.plist; sourceTree = "<group>"; };
		FAB3B50021E653B500F56180 /* APIManager.swift */ = {isa = PBXFileReference; lastKnownFileType = sourcecode.swift; path = APIManager.swift; sourceTree = "<group>"; };
		FAB3B50221E6540500F56180 /* APIWeatherManager.swift */ = {isa = PBXFileReference; lastKnownFileType = sourcecode.swift; path = APIWeatherManager.swift; sourceTree = "<group>"; };
		FAB3B50421E654B000F56180 /* ErrorManager.swift */ = {isa = PBXFileReference; lastKnownFileType = sourcecode.swift; path = ErrorManager.swift; sourceTree = "<group>"; };
		FAB3B50621E654F500F56180 /* CurrentWeather.swift */ = {isa = PBXFileReference; lastKnownFileType = sourcecode.swift; path = CurrentWeather.swift; sourceTree = "<group>"; };
		FAB3B50821E6553700F56180 /* WeatherIconManager.swift */ = {isa = PBXFileReference; lastKnownFileType = sourcecode.swift; path = WeatherIconManager.swift; sourceTree = "<group>"; };
/* End PBXFileReference section */

/* Begin PBXFrameworksBuildPhase section */
		FAB3B4E821E64BC500F56180 /* Frameworks */ = {
			isa = PBXFrameworksBuildPhase;
			buildActionMask = 2147483647;
			files = (
			);
			runOnlyForDeploymentPostprocessing = 0;
		};
/* End PBXFrameworksBuildPhase section */

/* Begin PBXGroup section */
		FAB3B4E221E64BC500F56180 = {
			isa = PBXGroup;
			children = (
				FAB3B4ED21E64BC500F56180 /* Weather Forecast */,
				FAB3B4EC21E64BC500F56180 /* Products */,
			);
			sourceTree = "<group>";
		};
		FAB3B4EC21E64BC500F56180 /* Products */ = {
			isa = PBXGroup;
			children = (
				FAB3B4EB21E64BC500F56180 /* Weather Forecast.app */,
			);
			name = Products;
			sourceTree = "<group>";
		};
		FAB3B4ED21E64BC500F56180 /* Weather Forecast */ = {
			isa = PBXGroup;
			children = (
				FAB3B4EE21E64BC500F56180 /* AppDelegate.swift */,
				FAB3B4F021E64BC500F56180 /* ViewController.swift */,
				FAB3B50021E653B500F56180 /* APIManager.swift */,
				FAB3B50221E6540500F56180 /* APIWeatherManager.swift */,
				FAB3B50421E654B000F56180 /* ErrorManager.swift */,
				FAB3B50621E654F500F56180 /* CurrentWeather.swift */,
				FAB3B50821E6553700F56180 /* WeatherIconManager.swift */,
				FAB3B4F221E64BC500F56180 /* Main.storyboard */,
				FAB3B4F521E64BC600F56180 /* Assets.xcassets */,
				FAB3B4F721E64BC600F56180 /* LaunchScreen.storyboard */,
				FAB3B4FA21E64BC600F56180 /* Info.plist */,
			);
			path = "Weather Forecast";
			sourceTree = "<group>";
		};
/* End PBXGroup section */

/* Begin PBXNativeTarget section */
		FAB3B4EA21E64BC500F56180 /* Weather Forecast */ = {
			isa = PBXNativeTarget;
			buildConfigurationList = FAB3B4FD21E64BC600F56180 /* Build configuration list for PBXNativeTarget "Weather Forecast" */;
			buildPhases = (
				FAB3B4E721E64BC500F56180 /* Sources */,
				FAB3B4E821E64BC500F56180 /* Frameworks */,
				FAB3B4E921E64BC500F56180 /* Resources */,
			);
			buildRules = (
			);
			dependencies = (
			);
			name = "Weather Forecast";
			productName = "Weather Forecast";
			productReference = FAB3B4EB21E64BC500F56180 /* Weather Forecast.app */;
			productType = "com.apple.product-type.application";
		};
/* End PBXNativeTarget section */

/* Begin PBXProject section */
		FAB3B4E321E64BC500F56180 /* Project object */ = {
			isa = PBXProject;
			attributes = {
				LastSwiftUpdateCheck = 1010;
				LastUpgradeCheck = 1010;
				ORGANIZATIONNAME = MacBook;
				TargetAttributes = {
					FAB3B4EA21E64BC500F56180 = {
						CreatedOnToolsVersion = 10.1;
					};
				};
			};
			buildConfigurationList = FAB3B4E621E64BC500F56180 /* Build configuration list for PBXProject "Weather Forecast" */;
			compatibilityVersion = "Xcode 9.3";
			developmentRegion = en;
			hasScannedForEncodings = 0;
			knownRegions = (
				en,
				Base,
			);
			mainGroup = FAB3B4E221E64BC500F56180;
			productRefGroup = FAB3B4EC21E64BC500F56180 /* Products */;
			projectDirPath = "";
			projectRoot = "";
			targets = (
				FAB3B4EA21E64BC500F56180 /* Weather Forecast */,
			);
		};
/* End PBXProject section */

/* Begin PBXResourcesBuildPhase section */
		FAB3B4E921E64BC500F56180 /* Resources */ = {
			isa = PBXResourcesBuildPhase;
			buildActionMask = 2147483647;
			files = (
				FAB3B4F921E64BC600F56180 /* LaunchScreen.storyboard in Resources */,
				FAB3B4F621E64BC600F56180 /* Assets.xcassets in Resources */,
				FAB3B4F421E64BC500F56180 /* Main.storyboard in Resources */,
			);
			runOnlyForDeploymentPostprocessing = 0;
		};
/* End PBXResourcesBuildPhase section */

/* Begin PBXSourcesBuildPhase section */
		FAB3B4E721E64BC500F56180 /* Sources */ = {
			isa = PBXSourcesBuildPhase;
			buildActionMask = 2147483647;
			files = (
				FAB3B50921E6553700F56180 /* WeatherIconManager.swift in Sources */,
				FAB3B50121E653B500F56180 /* APIManager.swift in Sources */,
				FAB3B4F121E64BC500F56180 /* ViewController.swift in Sources */,
				FAB3B4EF21E64BC500F56180 /* AppDelegate.swift in Sources */,
				FAB3B50321E6540500F56180 /* APIWeatherManager.swift in Sources */,
				FAB3B50721E654F500F56180 /* CurrentWeather.swift in Sources */,
				FAB3B50521E654B000F56180 /* ErrorManager.swift in Sources */,
			);
			runOnlyForDeploymentPostprocessing = 0;
		};
/* End PBXSourcesBuildPhase section */

/* Begin PBXVariantGroup section */
		FAB3B4F221E64BC500F56180 /* Main.storyboard */ = {
			isa = PBXVariantGroup;
			children = (
				FAB3B4F321E64BC500F56180 /* Base */,
			);
			name = Main.storyboard;
			sourceTree = "<group>";
		};
		FAB3B4F721E64BC600F56180 /* LaunchScreen.storyboard */ = {
			isa = PBXVariantGroup;
			children = (
				FAB3B4F821E64BC600F56180 /* Base */,
			);
			name = LaunchScreen.storyboard;
			sourceTree = "<group>";
		};
/* End PBXVariantGroup section */

/* Begin XCBuildConfiguration section */
		FAB3B4FB21E64BC600F56180 /* Debug */ = {
			isa = XCBuildConfiguration;
			buildSettings = {
				ALWAYS_SEARCH_USER_PATHS = NO;
				CLANG_ANALYZER_NONNULL = YES;
				CLANG_ANALYZER_NUMBER_OBJECT_CONVERSION = YES_AGGRESSIVE;
				CLANG_CXX_LANGUAGE_STANDARD = "gnu++14";
				CLANG_CXX_LIBRARY = "libc++";
				CLANG_ENABLE_MODULES = YES;
				CLANG_ENABLE_OBJC_ARC = YES;
				CLANG_ENABLE_OBJC_WEAK = YES;
				CLANG_WARN_BLOCK_CAPTURE_AUTORELEASING = YES;
				CLANG_WARN_BOOL_CONVERSION = YES;
				CLANG_WARN_COMMA = YES;
				CLANG_WARN_CONSTANT_CONVERSION = YES;
				CLANG_WARN_DEPRECATED_OBJC_IMPLEMENTATIONS = YES;
				CLANG_WARN_DIRECT_OBJC_ISA_USAGE = YES_ERROR;
				CLANG_WARN_DOCUMENTATION_COMMENTS = YES;
				CLANG_WARN_EMPTY_BODY = YES;
				CLANG_WARN_ENUM_CONVERSION = YES;
				CLANG_WARN_INFINITE_RECURSION = YES;
				CLANG_WARN_INT_CONVERSION = YES;
				CLANG_WARN_NON_LITERAL_NULL_CONVERSION = YES;
				CLANG_WARN_OBJC_IMPLICIT_RETAIN_SELF = YES;
				CLANG_WARN_OBJC_LITERAL_CONVERSION = YES;
				CLANG_WARN_OBJC_ROOT_CLASS = YES_ERROR;
				CLANG_WARN_RANGE_LOOP_ANALYSIS = YES;
				CLANG_WARN_STRICT_PROTOTYPES = YES;
				CLANG_WARN_SUSPICIOUS_MOVE = YES;
				CLANG_WARN_UNGUARDED_AVAILABILITY = YES_AGGRESSIVE;
				CLANG_WARN_UNREACHABLE_CODE = YES;
				CLANG_WARN__DUPLICATE_METHOD_MATCH = YES;
				CODE_SIGN_IDENTITY = "iPhone Developer";
				COPY_PHASE_STRIP = NO;
				DEBUG_INFORMATION_FORMAT = dwarf;
				ENABLE_STRICT_OBJC_MSGSEND = YES;
				ENABLE_TESTABILITY = YES;
				GCC_C_LANGUAGE_STANDARD = gnu11;
				GCC_DYNAMIC_NO_PIC = NO;
				GCC_NO_COMMON_BLOCKS = YES;
				GCC_OPTIMIZATION_LEVEL = 0;
				GCC_PREPROCESSOR_DEFINITIONS = (
					"DEBUG=1",
					"$(inherited)",
				);
				GCC_WARN_64_TO_32_BIT_CONVERSION = YES;
				GCC_WARN_ABOUT_RETURN_TYPE = YES_ERROR;
				GCC_WARN_UNDECLARED_SELECTOR = YES;
				GCC_WARN_UNINITIALIZED_AUTOS = YES_AGGRESSIVE;
				GCC_WARN_UNUSED_FUNCTION = YES;
				GCC_WARN_UNUSED_VARIABLE = YES;
				IPHONEOS_DEPLOYMENT_TARGET = 12.1;
				MTL_ENABLE_DEBUG_INFO = INCLUDE_SOURCE;
				MTL_FAST_MATH = YES;
				ONLY_ACTIVE_ARCH = YES;
				SDKROOT = iphoneos;
				SWIFT_ACTIVE_COMPILATION_CONDITIONS = DEBUG;
				SWIFT_OPTIMIZATION_LEVEL = "-Onone";
			};
			name = Debug;
		};
		FAB3B4FC21E64BC600F56180 /* Release */ = {
			isa = XCBuildConfiguration;
			buildSettings = {
				ALWAYS_SEARCH_USER_PATHS = NO;
				CLANG_ANALYZER_NONNULL = YES;
				CLANG_ANALYZER_NUMBER_OBJECT_CONVERSION = YES_AGGRESSIVE;
				CLANG_CXX_LANGUAGE_STANDARD = "gnu++14";
				CLANG_CXX_LIBRARY = "libc++";
				CLANG_ENABLE_MODULES = YES;
				CLANG_ENABLE_OBJC_ARC = YES;
				CLANG_ENABLE_OBJC_WEAK = YES;
				CLANG_WARN_BLOCK_CAPTURE_AUTORELEASING = YES;
				CLANG_WARN_BOOL_CONVERSION = YES;
				CLANG_WARN_COMMA = YES;
				CLANG_WARN_CONSTANT_CONVERSION = YES;
				CLANG_WARN_DEPRECATED_OBJC_IMPLEMENTATIONS = YES;
				CLANG_WARN_DIRECT_OBJC_ISA_USAGE = YES_ERROR;
				CLANG_WARN_DOCUMENTATION_COMMENTS = YES;
				CLANG_WARN_EMPTY_BODY = YES;
				CLANG_WARN_ENUM_CONVERSION = YES;
				CLANG_WARN_INFINITE_RECURSION = YES;
				CLANG_WARN_INT_CONVERSION = YES;
				CLANG_WARN_NON_LITERAL_NULL_CONVERSION = YES;
				CLANG_WARN_OBJC_IMPLICIT_RETAIN_SELF = YES;
				CLANG_WARN_OBJC_LITERAL_CONVERSION = YES;
				CLANG_WARN_OBJC_ROOT_CLASS = YES_ERROR;
				CLANG_WARN_RANGE_LOOP_ANALYSIS = YES;
				CLANG_WARN_STRICT_PROTOTYPES = YES;
				CLANG_WARN_SUSPICIOUS_MOVE = YES;
				CLANG_WARN_UNGUARDED_AVAILABILITY = YES_AGGRESSIVE;
				CLANG_WARN_UNREACHABLE_CODE = YES;
				CLANG_WARN__DUPLICATE_METHOD_MATCH = YES;
				CODE_SIGN_IDENTITY = "iPhone Developer";
				COPY_PHASE_STRIP = NO;
				DEBUG_INFORMATION_FORMAT = "dwarf-with-dsym";
				ENABLE_NS_ASSERTIONS = NO;
				ENABLE_STRICT_OBJC_MSGSEND = YES;
				GCC_C_LANGUAGE_STANDARD = gnu11;
				GCC_NO_COMMON_BLOCKS = YES;
				GCC_WARN_64_TO_32_BIT_CONVERSION = YES;
				GCC_WARN_ABOUT_RETURN_TYPE = YES_ERROR;
				GCC_WARN_UNDECLARED_SELECTOR = YES;
				GCC_WARN_UNINITIALIZED_AUTOS = YES_AGGRESSIVE;
				GCC_WARN_UNUSED_FUNCTION = YES;
				GCC_WARN_UNUSED_VARIABLE = YES;
				IPHONEOS_DEPLOYMENT_TARGET = 12.1;
				MTL_ENABLE_DEBUG_INFO = NO;
				MTL_FAST_MATH = YES;
				SDKROOT = iphoneos;
				SWIFT_COMPILATION_MODE = wholemodule;
				SWIFT_OPTIMIZATION_LEVEL = "-O";
				VALIDATE_PRODUCT = YES;
			};
			name = Release;
		};
		FAB3B4FE21E64BC600F56180 /* Debug */ = {
			isa = XCBuildConfiguration;
			buildSettings = {
				ASSETCATALOG_COMPILER_APPICON_NAME = AppIcon;
				CODE_SIGN_STYLE = Automatic;
				DEVELOPMENT_TEAM = L8PHJ2F4DW;
				INFOPLIST_FILE = "Weather Forecast/Info.plist";
				LD_RUNPATH_SEARCH_PATHS = (
					"$(inherited)",
					"@executable_path/Frameworks",
				);
				PRODUCT_BUNDLE_IDENTIFIER = "-.Weather-Forecast";
				PRODUCT_NAME = "$(TARGET_NAME)";
				SWIFT_VERSION = 4.2;
				TARGETED_DEVICE_FAMILY = "1,2";
			};
			name = Debug;
		};
		FAB3B4FF21E64BC600F56180 /* Release */ = {
			isa = XCBuildConfiguration;
			buildSettings = {
				ASSETCATALOG_COMPILER_APPICON_NAME = AppIcon;
				CODE_SIGN_STYLE = Automatic;
				DEVELOPMENT_TEAM = L8PHJ2F4DW;
				INFOPLIST_FILE = "Weather Forecast/Info.plist";
				LD_RUNPATH_SEARCH_PATHS = (
					"$(inherited)",
					"@executable_path/Frameworks",
				);
				PRODUCT_BUNDLE_IDENTIFIER = "-.Weather-Forecast";
				PRODUCT_NAME = "$(TARGET_NAME)";
				SWIFT_VERSION = 4.2;
				TARGETED_DEVICE_FAMILY = "1,2";
			};
			name = Release;
		};
/* End XCBuildConfiguration section */

/* Begin XCConfigurationList section */
		FAB3B4E621E64BC500F56180 /* Build configuration list for PBXProject "Weather Forecast" */ = {
			isa = XCConfigurationList;
			buildConfigurations = (
				FAB3B4FB21E64BC600F56180 /* Debug */,
				FAB3B4FC21E64BC600F56180 /* Release */,
			);
			defaultConfigurationIsVisible = 0;
			defaultConfigurationName = Release;
		};
		FAB3B4FD21E64BC600F56180 /* Build configuration list for PBXNativeTarget "Weather Forecast" */ = {
			isa = XCConfigurationList;
			buildConfigurations = (
				FAB3B4FE21E64BC600F56180 /* Debug */,
				FAB3B4FF21E64BC600F56180 /* Release */,
			);
			defaultConfigurationIsVisible = 0;
			defaultConfigurationName = Release;
		};
/* End XCConfigurationList section */
	};
	rootObject = FAB3B4E321E64BC500F56180 /* Project object */;
}
